{
  "version": 4,
  "terraform_version": "1.6.4",
  "serial": 15,
  "lineage": "ae447df6-76e8-6b48-5aaf-cdea3ab7dbb3",
  "outputs": {},
  "resources": [
    {
      "mode": "data",
      "type": "google_firebase_web_app_config",
      "name": "example",
      "provider": "provider[\"registry.terraform.io/hashicorp/google-beta\"]",
      "instances": [
        {
          "schema_version": 0,
          "attributes": {
            "api_key": "AIzaSyBmeLYwi2Dk_xuBy0dF2MDxowrfDWptBcw",
            "auth_domain": "sample-firebase-ai-app-aed1d.firebaseapp.com",
            "database_url": "",
            "id": "1:18586688640:web:59d9ba701cba010a829a65",
            "location_id": "",
            "measurement_id": "",
            "messaging_sender_id": "18586688640",
            "project": "sample-firebase-ai-app-aed1d",
            "storage_bucket": "sample-firebase-ai-app-aed1d.appspot.com",
            "web_app_id": "1:18586688640:web:59d9ba701cba010a829a65"
          },
          "sensitive_attributes": []
        }
      ]
    },
    {
      "mode": "data",
      "type": "google_project",
      "name": "project",
      "provider": "provider[\"registry.terraform.io/hashicorp/google-beta\"]",
      "instances": [
        {
          "schema_version": 0,
          "attributes": {
            "auto_create_network": null,
            "billing_account": null,
            "deletion_policy": "DELETE",
            "effective_labels": {
              "firebase": "enabled"
            },
            "folder_id": null,
            "id": "projects/sample-firebase-ai-app-aed1d",
            "labels": {
              "firebase": "enabled"
            },
            "name": "Sample Firebase AI App",
            "number": "18586688640",
            "org_id": null,
            "project_id": "sample-firebase-ai-app-aed1d",
            "skip_delete": null,
            "terraform_labels": {
              "firebase": "enabled"
            }
          },
          "sensitive_attributes": []
        }
      ]
    },
    {
      "mode": "managed",
      "type": "google_apikeys_key",
      "name": "generativelanguage",
      "provider": "provider[\"registry.terraform.io/hashicorp/google-beta\"]",
      "instances": [
        {
          "schema_version": 0,
          "attributes": {
            "display_name": "Gemini API Key",
            "id": "projects/sample-firebase-ai-app-aed1d/locations/global/keys/gemini-api-key",
            "key_string": "AIzaSyDzypXfbX3crMvvz1itWStkDvWFV5ENpUM",
            "name": "gemini-api-key",
            "project": "sample-firebase-ai-app-aed1d",
            "restrictions": [
              {
                "android_key_restrictions": [],
                "api_targets": [
                  {
                    "methods": null,
                    "service": "generativelanguage.googleapis.com"
                  }
                ],
                "browser_key_restrictions": [
                  {
                    "allowed_referrers": [
                      "*"
                    ]
                  }
                ],
                "ios_key_restrictions": [],
                "server_key_restrictions": []
              }
            ],
            "timeouts": null,
            "uid": "6a960b8f-4aa8-40fe-a66d-98b8ef32fbde"
          },
          "sensitive_attributes": [],
          "private": "eyJlMmJmYjczMC1lY2FhLTExZTYtOGY4OC0zNDM2M2JjN2M0YzAiOnsiY3JlYXRlIjoxMjAwMDAwMDAwMDAwLCJkZWxldGUiOjEyMDAwMDAwMDAwMDAsInVwZGF0ZSI6MTIwMDAwMDAwMDAwMH19",
          "dependencies": [
            "google_project_service.services"
          ]
        }
      ]
    },
    {
      "mode": "managed",
      "type": "google_firebase_web_app",
      "name": "example",
      "provider": "provider[\"registry.terraform.io/hashicorp/google-beta\"]",
      "instances": [
        {
          "schema_version": 0,
          "attributes": {
            "api_key_id": "5e7547f4-6dcb-4832-b4ce-ee92508960f5",
            "app_id": "1:18586688640:web:59d9ba701cba010a829a65",
            "app_urls": [],
            "deletion_policy": "DELETE",
            "display_name": "Make It So AI!",
            "id": "projects/sample-firebase-ai-app-aed1d/webApps/1:18586688640:web:59d9ba701cba010a829a65",
            "name": "projects/sample-firebase-ai-app-aed1d/webApps/1:18586688640:web:59d9ba701cba010a829a65",
            "project": "sample-firebase-ai-app-aed1d",
            "timeouts": null
          },
          "sensitive_attributes": [],
          "private": "eyJlMmJmYjczMC1lY2FhLTExZTYtOGY4OC0zNDM2M2JjN2M0YzAiOnsiY3JlYXRlIjoxMjAwMDAwMDAwMDAwLCJkZWxldGUiOjEyMDAwMDAwMDAwMDAsInVwZGF0ZSI6MTIwMDAwMDAwMDAwMH19"
        }
      ]
    },
    {
      "mode": "managed",
      "type": "google_firebaserules_release",
      "name": "firestore",
      "provider": "provider[\"registry.terraform.io/hashicorp/google-beta\"]",
      "instances": [
        {
          "schema_version": 0,
          "attributes": {
            "create_time": "2024-09-30T11:21:41.081125Z",
            "disabled": false,
            "id": "projects/sample-firebase-ai-app-aed1d/releases/cloud.firestore",
            "name": "cloud.firestore",
            "project": "sample-firebase-ai-app-aed1d",
            "ruleset_name": "b16cf04b-7871-4f62-b143-58c177bc5890",
            "timeouts": null,
            "update_time": "2024-09-30T11:21:41.081125Z"
          },
          "sensitive_attributes": [],
          "private": "eyJlMmJmYjczMC1lY2FhLTExZTYtOGY4OC0zNDM2M2JjN2M0YzAiOnsiY3JlYXRlIjoxMjAwMDAwMDAwMDAwLCJkZWxldGUiOjEyMDAwMDAwMDAwMDB9fQ==",
          "dependencies": [
            "google_firebaserules_ruleset.firestore",
            "google_firestore_database.database",
            "google_project_service.services",
            "local_file.firestore_rules"
          ]
        }
      ]
    },
    {
      "mode": "managed",
      "type": "google_firebaserules_ruleset",
      "name": "firestore",
      "provider": "provider[\"registry.terraform.io/hashicorp/google-beta\"]",
      "instances": [
        {
          "schema_version": 0,
          "attributes": {
            "create_time": "2024-09-30T11:21:38.484994Z",
            "id": "projects/sample-firebase-ai-app-aed1d/rulesets/b16cf04b-7871-4f62-b143-58c177bc5890",
            "metadata": [
              {
                "services": [
                  "cloud.firestore"
                ]
              }
            ],
            "name": "b16cf04b-7871-4f62-b143-58c177bc5890",
            "project": "sample-firebase-ai-app-aed1d",
            "source": [
              {
                "files": [
                  {
                    "content": "service cloud.firestore {\n  match /databases/{database}/documents/{document=**} {\n    allow read, write: if request.auth != null \u0026\u0026 request.time \u003c timestamp.date(2024, 10, 30);\n  }\n}\n",
                    "fingerprint": "",
                    "name": "firestore.rules"
                  }
                ],
                "language": ""
              }
            ],
            "timeouts": null
          },
          "sensitive_attributes": [],
          "private": "eyJlMmJmYjczMC1lY2FhLTExZTYtOGY4OC0zNDM2M2JjN2M0YzAiOnsiY3JlYXRlIjoxMjAwMDAwMDAwMDAwLCJkZWxldGUiOjEyMDAwMDAwMDAwMDB9fQ==",
          "dependencies": [
            "google_firestore_database.database",
            "google_project_service.services",
            "local_file.firestore_rules"
          ]
        }
      ]
    },
    {
      "mode": "managed",
      "type": "google_firestore_database",
      "name": "database",
      "provider": "provider[\"registry.terraform.io/hashicorp/google-beta\"]",
      "instances": [
        {
          "schema_version": 0,
          "attributes": {
            "app_engine_integration_mode": "DISABLED",
            "cmek_config": [],
            "concurrency_mode": "PESSIMISTIC",
            "create_time": "",
            "delete_protection_state": "DELETE_PROTECTION_DISABLED",
            "deletion_policy": "ABANDON",
            "earliest_version_time": "2024-09-30T11:21:26.638790Z",
            "etag": "IKuVl8TG6ogDMMax3L7G6ogD",
            "id": "projects/sample-firebase-ai-app-aed1d/databases/(default)",
            "key_prefix": "",
            "location_id": "nam5",
            "name": "(default)",
            "point_in_time_recovery_enablement": "POINT_IN_TIME_RECOVERY_DISABLED",
            "project": "sample-firebase-ai-app-aed1d",
            "timeouts": null,
            "type": "FIRESTORE_NATIVE",
            "uid": "1a608c39-8594-4dc5-b683-7add9910fc78",
            "update_time": "",
            "version_retention_period": "3600s"
          },
          "sensitive_attributes": [],
          "private": "eyJlMmJmYjczMC1lY2FhLTExZTYtOGY4OC0zNDM2M2JjN2M0YzAiOnsiY3JlYXRlIjoxMjAwMDAwMDAwMDAwLCJkZWxldGUiOjEyMDAwMDAwMDAwMDAsInVwZGF0ZSI6MTIwMDAwMDAwMDAwMH19",
          "dependencies": [
            "google_project_service.services"
          ]
        }
      ]
    },
    {
      "mode": "managed",
      "type": "google_project_service",
      "name": "services",
      "provider": "provider[\"registry.terraform.io/hashicorp/google-beta\"]",
      "instances": [
        {
          "index_key": "apikeys.googleapis.com",
          "schema_version": 0,
          "attributes": {
            "check_if_service_has_usage_on_destroy": false,
            "disable_dependent_services": null,
            "disable_on_destroy": false,
            "id": "sample-firebase-ai-app-aed1d/apikeys.googleapis.com",
            "project": "sample-firebase-ai-app-aed1d",
            "service": "apikeys.googleapis.com",
            "timeouts": null
          },
          "sensitive_attributes": [],
          "private": "eyJlMmJmYjczMC1lY2FhLTExZTYtOGY4OC0zNDM2M2JjN2M0YzAiOnsiY3JlYXRlIjoxMjAwMDAwMDAwMDAwLCJkZWxldGUiOjEyMDAwMDAwMDAwMDAsInJlYWQiOjYwMDAwMDAwMDAwMCwidXBkYXRlIjoxMjAwMDAwMDAwMDAwfX0="
        },
        {
          "index_key": "firebaserules.googleapis.com",
          "schema_version": 0,
          "attributes": {
            "check_if_service_has_usage_on_destroy": false,
            "disable_dependent_services": null,
            "disable_on_destroy": false,
            "id": "sample-firebase-ai-app-aed1d/firebaserules.googleapis.com",
            "project": "sample-firebase-ai-app-aed1d",
            "service": "firebaserules.googleapis.com",
            "timeouts": null
          },
          "sensitive_attributes": [],
          "private": "eyJlMmJmYjczMC1lY2FhLTExZTYtOGY4OC0zNDM2M2JjN2M0YzAiOnsiY3JlYXRlIjoxMjAwMDAwMDAwMDAwLCJkZWxldGUiOjEyMDAwMDAwMDAwMDAsInJlYWQiOjYwMDAwMDAwMDAwMCwidXBkYXRlIjoxMjAwMDAwMDAwMDAwfX0="
        },
        {
          "index_key": "firestore.googleapis.com",
          "schema_version": 0,
          "attributes": {
            "check_if_service_has_usage_on_destroy": false,
            "disable_dependent_services": null,
            "disable_on_destroy": false,
            "id": "sample-firebase-ai-app-aed1d/firestore.googleapis.com",
            "project": "sample-firebase-ai-app-aed1d",
            "service": "firestore.googleapis.com",
            "timeouts": null
          },
          "sensitive_attributes": [],
          "private": "eyJlMmJmYjczMC1lY2FhLTExZTYtOGY4OC0zNDM2M2JjN2M0YzAiOnsiY3JlYXRlIjoxMjAwMDAwMDAwMDAwLCJkZWxldGUiOjEyMDAwMDAwMDAwMDAsInJlYWQiOjYwMDAwMDAwMDAwMCwidXBkYXRlIjoxMjAwMDAwMDAwMDAwfX0="
        },
        {
          "index_key": "generativelanguage.googleapis.com",
          "schema_version": 0,
          "attributes": {
            "check_if_service_has_usage_on_destroy": false,
            "disable_dependent_services": null,
            "disable_on_destroy": false,
            "id": "sample-firebase-ai-app-aed1d/generativelanguage.googleapis.com",
            "project": "sample-firebase-ai-app-aed1d",
            "service": "generativelanguage.googleapis.com",
            "timeouts": null
          },
          "sensitive_attributes": [],
          "private": "eyJlMmJmYjczMC1lY2FhLTExZTYtOGY4OC0zNDM2M2JjN2M0YzAiOnsiY3JlYXRlIjoxMjAwMDAwMDAwMDAwLCJkZWxldGUiOjEyMDAwMDAwMDAwMDAsInJlYWQiOjYwMDAwMDAwMDAwMCwidXBkYXRlIjoxMjAwMDAwMDAwMDAwfX0="
        },
        {
          "index_key": "serviceusage.googleapis.com",
          "schema_version": 0,
          "attributes": {
            "check_if_service_has_usage_on_destroy": false,
            "disable_dependent_services": null,
            "disable_on_destroy": false,
            "id": "sample-firebase-ai-app-aed1d/serviceusage.googleapis.com",
            "project": "sample-firebase-ai-app-aed1d",
            "service": "serviceusage.googleapis.com",
            "timeouts": null
          },
          "sensitive_attributes": [],
          "private": "eyJlMmJmYjczMC1lY2FhLTExZTYtOGY4OC0zNDM2M2JjN2M0YzAiOnsiY3JlYXRlIjoxMjAwMDAwMDAwMDAwLCJkZWxldGUiOjEyMDAwMDAwMDAwMDAsInJlYWQiOjYwMDAwMDAwMDAwMCwidXBkYXRlIjoxMjAwMDAwMDAwMDAwfX0="
        }
      ]
    },
    {
      "mode": "managed",
      "type": "google_service_usage_consumer_quota_override",
      "name": "generativelanguage",
      "provider": "provider[\"registry.terraform.io/hashicorp/google-beta\"]",
      "instances": [
        {
          "schema_version": 0,
          "attributes": {
            "dimensions": null,
            "force": true,
            "id": "projects/sample-firebase-ai-app-aed1d/services/generativelanguage.googleapis.com/consumerQuotaMetrics/generativelanguage.googleapis.com%2Fgenerate_requests_per_model/limits/%2Fmin%2Fmodel%2Fproject/consumerOverrides/Cg1RdW90YU92ZXJyaWRl",
            "limit": "%2Fmin%2Fmodel%2Fproject",
            "metric": "generativelanguage.googleapis.com%2Fgenerate_requests_per_model",
            "name": "Cg1RdW90YU92ZXJyaWRl",
            "override_value": "10",
            "project": "sample-firebase-ai-app-aed1d",
            "service": "generativelanguage.googleapis.com",
            "timeouts": null
          },
          "sensitive_attributes": [],
          "private": "eyJlMmJmYjczMC1lY2FhLTExZTYtOGY4OC0zNDM2M2JjN2M0YzAiOnsiY3JlYXRlIjoxMjAwMDAwMDAwMDAwLCJkZWxldGUiOjEyMDAwMDAwMDAwMDAsInVwZGF0ZSI6MTIwMDAwMDAwMDAwMH19",
          "dependencies": [
            "google_project_service.services"
          ]
        }
      ]
    },
    {
      "mode": "managed",
      "type": "local_file",
      "name": "environment_ts",
      "provider": "provider[\"registry.terraform.io/hashicorp/local\"]",
      "instances": [
        {
          "schema_version": 0,
          "attributes": {
            "content": "export const environment = {\n  firebase: {\n      apiKey: 'AIzaSyBmeLYwi2Dk_xuBy0dF2MDxowrfDWptBcw',\n      authDomain: 'sample-firebase-ai-app-aed1d.firebaseapp.com',\n      databaseURL: '',\n      projectId: 'sample-firebase-ai-app-aed1d',\n      storageBucket: 'sample-firebase-ai-app-aed1d.appspot.com',\n      messagingSenderId: '18586688640',\n      appId: '1:18586688640:web:59d9ba701cba010a829a65',\n      measurementId: '',\n  },\n  gemini_api_key: 'AIzaSyDzypXfbX3crMvvz1itWStkDvWFV5ENpUM',\n  debug_token: ''\n};",
            "content_base64": null,
            "content_base64sha256": "adF7XVfTK4Y0jqElVFyqnHAprGmzprGWbgSOv1euhH4=",
            "content_base64sha512": "QNDVo5noelSlwv52WUyV3VkV/tr8Z9HGfuo2HZotXej84cQ9DHfVrs9Dl9GU6DUZ92uZdB81LduRnlo/CgPKWw==",
            "content_md5": "e4ac75fc64e110919c49ecc81bf39938",
            "content_sha1": "e38647dd38303bd6cc7a86078d96dd0fe12868fa",
            "content_sha256": "69d17b5d57d32b86348ea125545caa9c7029ac69b3a6b1966e048ebf57ae847e",
            "content_sha512": "40d0d5a399e87a54a5c2fe76594c95dd5915fedafc67d1c67eea361d9a2d5de8fce1c43d0c77d5aecf4397d194e83519f76b99741f352ddb919e5a3f0a03ca5b",
            "directory_permission": "0777",
            "file_permission": "0777",
            "filename": "./src/environments/environments.ts",
            "id": "e38647dd38303bd6cc7a86078d96dd0fe12868fa",
            "sensitive_content": null,
            "source": null
          },
          "sensitive_attributes": [
            [
              {
                "type": "get_attr",
                "value": "content"
              }
            ]
          ],
          "dependencies": [
            "data.google_firebase_web_app_config.example",
            "data.google_project.project",
            "google_apikeys_key.generativelanguage",
            "google_firebase_web_app.example",
            "google_project_service.services"
          ]
        }
      ]
    },
    {
      "mode": "managed",
      "type": "local_file",
      "name": "firebaserc",
      "provider": "provider[\"registry.terraform.io/hashicorp/local\"]",
      "instances": [
        {
          "schema_version": 0,
          "attributes": {
            "content": "{\"projects\":{\"default\":\"sample-firebase-ai-app-aed1d\"}}",
            "content_base64": null,
            "content_base64sha256": "o+lwN0la1HGN/SdAEAgOOUUMY/jepwwrjp12Pl2kgQ8=",
            "content_base64sha512": "A0ypEaVJdDKkcNYlV2V5LDZVoXmbp+fsMPS9Fzqy9BO8u3dl6r/jIzyvWEIP+gjAkrDiLaqWSAxP6RJT0Oxe5A==",
            "content_md5": "27a6d932244eb68ddfe165354509b928",
            "content_sha1": "0c1da29e8310bcaa7ae3717003f1ef6df025f145",
            "content_sha256": "a3e97037495ad4718dfd274010080e39450c63f8dea70c2b8e9d763e5da4810f",
            "content_sha512": "034ca911a5497432a470d6255765792c3655a1799ba7e7ec30f4bd173ab2f413bcbb7765eabfe3233caf58420ffa08c092b0e22daa96480c4fe91253d0ec5ee4",
            "directory_permission": "0777",
            "file_permission": "0777",
            "filename": "./.firebaserc",
            "id": "0c1da29e8310bcaa7ae3717003f1ef6df025f145",
            "sensitive_content": null,
            "source": null
          },
          "sensitive_attributes": []
        }
      ]
    },
    {
      "mode": "managed",
      "type": "local_file",
      "name": "firestore_rules",
      "provider": "provider[\"registry.terraform.io/hashicorp/local\"]",
      "instances": [
        {
          "schema_version": 0,
          "attributes": {
            "content": "service cloud.firestore {\n  match /databases/{database}/documents/{document=**} {\n    allow read, write: if request.auth != null \u0026\u0026 request.time \u003c timestamp.date(2024, 10, 30);\n  }\n}\n",
            "content_base64": null,
            "content_base64sha256": "cEQ5FsCF2rsTlKG82qdnrNSunwOEm/6cOWoI+at7vVU=",
            "content_base64sha512": "DNnTDwn1faPQ2bKozt1Kv29ENYoKiMkMTFPurAm6F9rUdblIrOt4WDWqOjCnfXgWIMuQhW2thwpLMz03/aF0hQ==",
            "content_md5": "1b01db642b4581835be7692370dd88ee",
            "content_sha1": "8363ad4f72d3880b82cd1f7d4e37d97564cb9701",
            "content_sha256": "70443916c085dabb1394a1bcdaa767acd4ae9f03849bfe9c396a08f9ab7bbd55",
            "content_sha512": "0cd9d30f09f57da3d0d9b2a8cedd4abf6f44358a0a88c90c4c53eeac09ba17dad475b948aceb785835aa3a30a77d781620cb90856dad870a4b333d37fda17485",
            "directory_permission": "0777",
            "file_permission": "0777",
            "filename": "./firestore.rules",
            "id": "8363ad4f72d3880b82cd1f7d4e37d97564cb9701",
            "sensitive_content": null,
            "source": null
          },
          "sensitive_attributes": []
        }
      ]
    }
  ],
  "check_results": null
}
